{
  "originHash" : "757b8a896af1fcaf28537f794fc7d0bd454b5a07885687cf18d5aa59c98325b8",
  "pins" : [
    {
      "identity" : "mparticle-apple-integration-rokt",
      "kind" : "remoteSourceControl",
      "location" : "https://github.com/mparticle-integrations/mparticle-apple-integration-rokt.git",
      "state" : {
        "revision" : "603dee4c9f48860d8dc68a69e8b4067aa5dbc0db",
        "version" : "8.3.0"
      }
    },
    {
      "identity" : "mparticle-apple-sdk",
      "kind" : "remoteSourceControl",
      "location" : "https://github.com/mParticle/mparticle-apple-sdk",
      "state" : {
        "revision" : "9e9e83a326b74504a8b3b54475b7c4ace2548869",
        "version" : "8.36.0"
      }
    },
    {
      "identity" : "rokt-sdk-ios",
      "kind" : "remoteSourceControl",
      "location" : "https://github.com/ROKT/rokt-sdk-ios",
      "state" : {
        "revision" : "c62e1214122b7683505909915a3ea9880e6a1f6a",
        "version" : "4.11.0"
      }
    }
  ],
  "version" : 3
}
